
Microsoft Visual Studio Solution File, Format Version 12.00
Project("{FAE04EC0-301F-11D3-BF4B-00C04F79EFBC}") = "Exo_1_Application_Console", "Exo_1_Application_Console\Exo_1_Application_Console.csproj", "{34F4F668-B177-4AA2-AEB2-13F86D31852D}"
EndProject
Global
	GlobalSection(SolutionConfigurationPlatforms) = preSolution
		Debug|Any CPU = Debug|Any CPU
		Release|Any CPU = Release|Any CPU
	EndGlobalSection
	GlobalSection(ProjectConfigurationPlatforms) = postSolution
		{34F4F668-B177-4AA2-AEB2-13F86D31852D}.Debug|Any CPU.ActiveCfg = Debug|Any CPU
		{34F4F668-B177-4AA2-AEB2-13F86D31852D}.Debug|Any CPU.Build.0 = Debug|Any CPU
		{34F4F668-B177-4AA2-AEB2-13F86D31852D}.Release|Any CPU.ActiveCfg = Release|Any CPU
		{34F4F668-B177-4AA2-AEB2-13F86D31852D}.Release|Any CPU.Build.0 = Release|Any CPU
	EndGlobalSection
EndGlobal
